// !$*UTF8*$!
{
	archiveVersion = 1;
	classes = {
	};
	objectVersion = 56;
	objects = {

/* Begin PBXBuildFile section */
		0F07C5AC2AA336FB00BF88FC /* MapViewState.swift in Sources */ = {isa = PBXBuildFile; fileRef = 0F07C5AB2AA336FB00BF88FC /* MapViewState.swift */; };
		0FC5C5842AA5B3E100C68BD9 /* Color.swift in Sources */ = {isa = PBXBuildFile; fileRef = 0FC5C5832AA5B3E100C68BD9 /* Color.swift */; };
		0FC5C58A2AA5C79700C68BD9 /* LoginView.swift in Sources */ = {isa = PBXBuildFile; fileRef = 0FC5C5892AA5C79700C68BD9 /* LoginView.swift */; };
		0FC5C58C2AA5C7A400C68BD9 /* RegisterView.swift in Sources */ = {isa = PBXBuildFile; fileRef = 0FC5C58B2AA5C7A400C68BD9 /* RegisterView.swift */; };
		0FC5C5992AA5EEC300C68BD9 /* CustomInputField.swift in Sources */ = {isa = PBXBuildFile; fileRef = 0FC5C5982AA5EEC300C68BD9 /* CustomInputField.swift */; };
		0FC5C59B2AA60B2000C68BD9 /* GoogleService-Info.plist in Resources */ = {isa = PBXBuildFile; fileRef = 0FC5C59A2AA60B2000C68BD9 /* GoogleService-Info.plist */; };
		0FC5C59E2AA6119000C68BD9 /* FirebaseAuth in Frameworks */ = {isa = PBXBuildFile; productRef = 0FC5C59D2AA6119000C68BD9 /* FirebaseAuth */; };
		0FC5C5A02AA6119000C68BD9 /* FirebaseFirestore in Frameworks */ = {isa = PBXBuildFile; productRef = 0FC5C59F2AA6119000C68BD9 /* FirebaseFirestore */; };
		0FC5C5A22AA6119000C68BD9 /* FirebaseFirestoreSwift in Frameworks */ = {isa = PBXBuildFile; productRef = 0FC5C5A12AA6119000C68BD9 /* FirebaseFirestoreSwift */; };
		0FC5C5A42AA6119000C68BD9 /* FirebaseStorage in Frameworks */ = {isa = PBXBuildFile; productRef = 0FC5C5A32AA6119000C68BD9 /* FirebaseStorage */; };
		0FDFA7C02AA47893003EB10C /* RideType.swift in Sources */ = {isa = PBXBuildFile; fileRef = 0FDFA7BF2AA47893003EB10C /* RideType.swift */; };
		0FDFA7C22AA4A72E003EB10C /* PriceFormat.swift in Sources */ = {isa = PBXBuildFile; fileRef = 0FDFA7C12AA4A72E003EB10C /* PriceFormat.swift */; };
		0FDFA7C42AA4AE7B003EB10C /* UberLocation.swift in Sources */ = {isa = PBXBuildFile; fileRef = 0FDFA7C32AA4AE7B003EB10C /* UberLocation.swift */; };
		7886D3932B1EFA75005D7911 /* AcceptTripsView.swift in Sources */ = {isa = PBXBuildFile; fileRef = 7886D3922B1EFA74005D7911 /* AcceptTripsView.swift */; };
		7886D3952B1F2933005D7911 /* Trips.swift in Sources */ = {isa = PBXBuildFile; fileRef = 7886D3942B1F2933005D7911 /* Trips.swift */; };
		789CEFE22B208C4A00F98831 /* GeoPoint.swift in Sources */ = {isa = PBXBuildFile; fileRef = 789CEFE12B208C4A00F98831 /* GeoPoint.swift */; };
		78A94BE72B1DEEE700F2C956 /* UIImage.swift in Sources */ = {isa = PBXBuildFile; fileRef = 78A94BE62B1DEEE700F2C956 /* UIImage.swift */; };
		78A94BE92B1DF17A00F2C956 /* DriverAnnotation.swift in Sources */ = {isa = PBXBuildFile; fileRef = 78A94BE82B1DF17A00F2C956 /* DriverAnnotation.swift */; };
		78A94BEB2B1DF4C700F2C956 /* cartop.svg in Resources */ = {isa = PBXBuildFile; fileRef = 78A94BEA2B1DF4C700F2C956 /* cartop.svg */; };
		78A94BEE2B1DFED400F2C956 /* userServices.swift in Sources */ = {isa = PBXBuildFile; fileRef = 78A94BED2B1DFED400F2C956 /* userServices.swift */; };
		ED692AD92A994A8C0081A5FE /* LocationSearchActivationView.swift in Sources */ = {isa = PBXBuildFile; fileRef = ED692AD82A994A8C0081A5FE /* LocationSearchActivationView.swift */; };
		ED692ADB2A994D740081A5FE /* MenuActionButton.swift in Sources */ = {isa = PBXBuildFile; fileRef = ED692ADA2A994D740081A5FE /* MenuActionButton.swift */; };
		ED692ADD2A9950F00081A5FE /* LocationSearchView.swift in Sources */ = {isa = PBXBuildFile; fileRef = ED692ADC2A9950F00081A5FE /* LocationSearchView.swift */; };
		ED692ADF2A9958C80081A5FE /* LocationSearchResultCellView.swift in Sources */ = {isa = PBXBuildFile; fileRef = ED692ADE2A9958C80081A5FE /* LocationSearchResultCellView.swift */; };
		ED692AE12A99824D0081A5FE /* LocationSearchViewModel.swift in Sources */ = {isa = PBXBuildFile; fileRef = ED692AE02A99824D0081A5FE /* LocationSearchViewModel.swift */; };
		ED69E94C2AB3F79F003A2383 /* SavedLocationViewModel.swift in Sources */ = {isa = PBXBuildFile; fileRef = ED69E94B2AB3F79F003A2383 /* SavedLocationViewModel.swift */; };
		ED69E94E2AB4020F003A2383 /* SavedLocationSearchView.swift in Sources */ = {isa = PBXBuildFile; fileRef = ED69E94D2AB4020F003A2383 /* SavedLocationSearchView.swift */; };
		ED8D39312AA96E4000693A35 /* TripsView.swift in Sources */ = {isa = PBXBuildFile; fileRef = ED8D39302AA96E4000693A35 /* TripsView.swift */; };
		ED8D39332AA96EA200693A35 /* AuthViewModel.swift in Sources */ = {isa = PBXBuildFile; fileRef = ED8D39322AA96EA200693A35 /* AuthViewModel.swift */; };
		ED8F4B5C2AA9995F000ED49E /* User.swift in Sources */ = {isa = PBXBuildFile; fileRef = ED8F4B5B2AA9995F000ED49E /* User.swift */; };
		EDB469812A8F951000C91A1D /* uberApp.swift in Sources */ = {isa = PBXBuildFile; fileRef = EDB469802A8F951000C91A1D /* uberApp.swift */; };
		EDB469852A8F951100C91A1D /* Assets.xcassets in Resources */ = {isa = PBXBuildFile; fileRef = EDB469842A8F951100C91A1D /* Assets.xcassets */; };
		EDB469882A8F951100C91A1D /* Preview Assets.xcassets in Resources */ = {isa = PBXBuildFile; fileRef = EDB469872A8F951100C91A1D /* Preview Assets.xcassets */; };
		EDB469922A8F951100C91A1D /* uberTests.swift in Sources */ = {isa = PBXBuildFile; fileRef = EDB469912A8F951100C91A1D /* uberTests.swift */; };
		EDB4699C2A8F951100C91A1D /* uberUITests.swift in Sources */ = {isa = PBXBuildFile; fileRef = EDB4699B2A8F951100C91A1D /* uberUITests.swift */; };
		EDB4699E2A8F951100C91A1D /* uberUITestsLaunchTests.swift in Sources */ = {isa = PBXBuildFile; fileRef = EDB4699D2A8F951100C91A1D /* uberUITestsLaunchTests.swift */; };
		EDB469B02A8F959000C91A1D /* HomeView.swift in Sources */ = {isa = PBXBuildFile; fileRef = EDB469AF2A8F959000C91A1D /* HomeView.swift */; };
		EDB469B62A8F965000C91A1D /* UberMapViewRepresantable.swift in Sources */ = {isa = PBXBuildFile; fileRef = EDB469B52A8F965000C91A1D /* UberMapViewRepresantable.swift */; };
		EDB469B92A8FB3B100C91A1D /* LocationManager.swift in Sources */ = {isa = PBXBuildFile; fileRef = EDB469B82A8FB3B100C91A1D /* LocationManager.swift */; };
		EDD14CE72AABEEDB005FF42F /* SideMenuView.swift in Sources */ = {isa = PBXBuildFile; fileRef = EDD14CE62AABEEDB005FF42F /* SideMenuView.swift */; };
		EDD14CEA2AABF9DE005FF42F /* SideMenuOptionViewModel.swift in Sources */ = {isa = PBXBuildFile; fileRef = EDD14CE92AABF9DE005FF42F /* SideMenuOptionViewModel.swift */; };
		EDD14CEF2AABFBED005FF42F /* SideMenuOptionView.swift in Sources */ = {isa = PBXBuildFile; fileRef = EDD14CEE2AABFBED005FF42F /* SideMenuOptionView.swift */; };
		EDD14CF62AAC2693005FF42F /* SettingsView.swift in Sources */ = {isa = PBXBuildFile; fileRef = EDD14CF52AAC2693005FF42F /* SettingsView.swift */; };
		EDD14CF92AAC2FC2005FF42F /* SavedLocationRowView.swift in Sources */ = {isa = PBXBuildFile; fileRef = EDD14CF82AAC2FC2005FF42F /* SavedLocationRowView.swift */; };
		EDD14CFB2AAC36C4005FF42F /* SettingRowView.swift in Sources */ = {isa = PBXBuildFile; fileRef = EDD14CFA2AAC36C4005FF42F /* SettingRowView.swift */; };
		EDE415312AB4F0FB00637226 /* LocationSearchResultView.swift in Sources */ = {isa = PBXBuildFile; fileRef = EDE415302AB4F0FB00637226 /* LocationSearchResultView.swift */; };
		EDE415332AB4F45000637226 /* SavedLocation.swift in Sources */ = {isa = PBXBuildFile; fileRef = EDE415322AB4F45000637226 /* SavedLocation.swift */; };
		EDE415352AB4F77500637226 /* AppConstant.swift in Sources */ = {isa = PBXBuildFile; fileRef = EDE415342AB4F77500637226 /* AppConstant.swift */; };
		EDE415372AB53F5900637226 /* DeveloperPreview.swift in Sources */ = {isa = PBXBuildFile; fileRef = EDE415362AB53F5900637226 /* DeveloperPreview.swift */; };
		EDE415392AB55D9600637226 /* HomeViewModel.swift in Sources */ = {isa = PBXBuildFile; fileRef = EDE415382AB55D9600637226 /* HomeViewModel.swift */; };
/* End PBXBuildFile section */

/* Begin PBXContainerItemProxy section */
		EDB4698E2A8F951100C91A1D /* PBXContainerItemProxy */ = {
			isa = PBXContainerItemProxy;
			containerPortal = EDB469752A8F951000C91A1D /* Project object */;
			proxyType = 1;
			remoteGlobalIDString = EDB4697C2A8F951000C91A1D;
			remoteInfo = uber;
		};
		EDB469982A8F951100C91A1D /* PBXContainerItemProxy */ = {
			isa = PBXContainerItemProxy;
			containerPortal = EDB469752A8F951000C91A1D /* Project object */;
			proxyType = 1;
			remoteGlobalIDString = EDB4697C2A8F951000C91A1D;
			remoteInfo = uber;
		};
/* End PBXContainerItemProxy section */

/* Begin PBXFileReference section */
		0F07C5AB2AA336FB00BF88FC /* MapViewState.swift */ = {isa = PBXFileReference; lastKnownFileType = sourcecode.swift; path = MapViewState.swift; sourceTree = SOURCE_ROOT; };
		0FC5C5832AA5B3E100C68BD9 /* Color.swift */ = {isa = PBXFileReference; lastKnownFileType = sourcecode.swift; path = Color.swift; sourceTree = SOURCE_ROOT; };
		0FC5C5892AA5C79700C68BD9 /* LoginView.swift */ = {isa = PBXFileReference; lastKnownFileType = sourcecode.swift; path = LoginView.swift; sourceTree = "<group>"; };
		0FC5C58B2AA5C7A400C68BD9 /* RegisterView.swift */ = {isa = PBXFileReference; lastKnownFileType = sourcecode.swift; path = RegisterView.swift; sourceTree = "<group>"; };
		0FC5C5982AA5EEC300C68BD9 /* CustomInputField.swift */ = {isa = PBXFileReference; lastKnownFileType = sourcecode.swift; path = CustomInputField.swift; sourceTree = "<group>"; };
		0FC5C59A2AA60B2000C68BD9 /* GoogleService-Info.plist */ = {isa = PBXFileReference; fileEncoding = 4; lastKnownFileType = text.plist.xml; path = "GoogleService-Info.plist"; sourceTree = "<group>"; };
		0FDFA7BF2AA47893003EB10C /* RideType.swift */ = {isa = PBXFileReference; lastKnownFileType = sourcecode.swift; path = RideType.swift; sourceTree = SOURCE_ROOT; };
		0FDFA7C12AA4A72E003EB10C /* PriceFormat.swift */ = {isa = PBXFileReference; lastKnownFileType = sourcecode.swift; path = PriceFormat.swift; sourceTree = SOURCE_ROOT; };
		0FDFA7C32AA4AE7B003EB10C /* UberLocation.swift */ = {isa = PBXFileReference; lastKnownFileType = sourcecode.swift; path = UberLocation.swift; sourceTree = SOURCE_ROOT; };
		7886D3922B1EFA74005D7911 /* AcceptTripsView.swift */ = {isa = PBXFileReference; lastKnownFileType = sourcecode.swift; name = AcceptTripsView.swift; path = Views/AcceptTripsView.swift; sourceTree = SOURCE_ROOT; };
		7886D3942B1F2933005D7911 /* Trips.swift */ = {isa = PBXFileReference; lastKnownFileType = sourcecode.swift; name = Trips.swift; path = Views/Trips.swift; sourceTree = SOURCE_ROOT; };
		789CEFE12B208C4A00F98831 /* GeoPoint.swift */ = {isa = PBXFileReference; lastKnownFileType = sourcecode.swift; name = GeoPoint.swift; path = Views/GeoPoint.swift; sourceTree = SOURCE_ROOT; };
		78A94BE62B1DEEE700F2C956 /* UIImage.swift */ = {isa = PBXFileReference; lastKnownFileType = sourcecode.swift; path = UIImage.swift; sourceTree = SOURCE_ROOT; };
		78A94BE82B1DF17A00F2C956 /* DriverAnnotation.swift */ = {isa = PBXFileReference; lastKnownFileType = sourcecode.swift; path = DriverAnnotation.swift; sourceTree = SOURCE_ROOT; };
		78A94BEA2B1DF4C700F2C956 /* cartop.svg */ = {isa = PBXFileReference; fileEncoding = 4; lastKnownFileType = text.xml; name = cartop.svg; path = ../../cartop.svg; sourceTree = "<group>"; };
		78A94BED2B1DFED400F2C956 /* userServices.swift */ = {isa = PBXFileReference; lastKnownFileType = sourcecode.swift; path = userServices.swift; sourceTree = "<group>"; };
		ED692AD82A994A8C0081A5FE /* LocationSearchActivationView.swift */ = {isa = PBXFileReference; lastKnownFileType = sourcecode.swift; path = LocationSearchActivationView.swift; sourceTree = "<group>"; };
		ED692ADA2A994D740081A5FE /* MenuActionButton.swift */ = {isa = PBXFileReference; lastKnownFileType = sourcecode.swift; path = MenuActionButton.swift; sourceTree = "<group>"; };
		ED692ADC2A9950F00081A5FE /* LocationSearchView.swift */ = {isa = PBXFileReference; lastKnownFileType = sourcecode.swift; path = LocationSearchView.swift; sourceTree = "<group>"; };
		ED692ADE2A9958C80081A5FE /* LocationSearchResultCellView.swift */ = {isa = PBXFileReference; lastKnownFileType = sourcecode.swift; path = LocationSearchResultCellView.swift; sourceTree = "<group>"; };
		ED692AE02A99824D0081A5FE /* LocationSearchViewModel.swift */ = {isa = PBXFileReference; lastKnownFileType = sourcecode.swift; path = LocationSearchViewModel.swift; sourceTree = "<group>"; };
		ED69E94B2AB3F79F003A2383 /* SavedLocationViewModel.swift */ = {isa = PBXFileReference; lastKnownFileType = sourcecode.swift; path = SavedLocationViewModel.swift; sourceTree = "<group>"; };
		ED69E94D2AB4020F003A2383 /* SavedLocationSearchView.swift */ = {isa = PBXFileReference; lastKnownFileType = sourcecode.swift; path = SavedLocationSearchView.swift; sourceTree = "<group>"; };
		ED8D39302AA96E4000693A35 /* TripsView.swift */ = {isa = PBXFileReference; lastKnownFileType = sourcecode.swift; name = TripsView.swift; path = Views/TripsView.swift; sourceTree = SOURCE_ROOT; };
		ED8D39322AA96EA200693A35 /* AuthViewModel.swift */ = {isa = PBXFileReference; lastKnownFileType = sourcecode.swift; name = AuthViewModel.swift; path = Views/AuthViewModel.swift; sourceTree = SOURCE_ROOT; };
		ED8F4B5B2AA9995F000ED49E /* User.swift */ = {isa = PBXFileReference; lastKnownFileType = sourcecode.swift; name = User.swift; path = Views/User.swift; sourceTree = SOURCE_ROOT; };
		EDB4697D2A8F951000C91A1D /* uber.app */ = {isa = PBXFileReference; explicitFileType = wrapper.application; includeInIndex = 0; path = uber.app; sourceTree = BUILT_PRODUCTS_DIR; };
		EDB469802A8F951000C91A1D /* uberApp.swift */ = {isa = PBXFileReference; lastKnownFileType = sourcecode.swift; path = uberApp.swift; sourceTree = "<group>"; };
		EDB469842A8F951100C91A1D /* Assets.xcassets */ = {isa = PBXFileReference; lastKnownFileType = folder.assetcatalog; path = Assets.xcassets; sourceTree = "<group>"; };
		EDB469872A8F951100C91A1D /* Preview Assets.xcassets */ = {isa = PBXFileReference; lastKnownFileType = folder.assetcatalog; path = "Preview Assets.xcassets"; sourceTree = "<group>"; };
		EDB4698D2A8F951100C91A1D /* uberTests.xctest */ = {isa = PBXFileReference; explicitFileType = wrapper.cfbundle; includeInIndex = 0; path = uberTests.xctest; sourceTree = BUILT_PRODUCTS_DIR; };
		EDB469912A8F951100C91A1D /* uberTests.swift */ = {isa = PBXFileReference; lastKnownFileType = sourcecode.swift; path = uberTests.swift; sourceTree = "<group>"; };
		EDB469972A8F951100C91A1D /* uberUITests.xctest */ = {isa = PBXFileReference; explicitFileType = wrapper.cfbundle; includeInIndex = 0; path = uberUITests.xctest; sourceTree = BUILT_PRODUCTS_DIR; };
		EDB4699B2A8F951100C91A1D /* uberUITests.swift */ = {isa = PBXFileReference; lastKnownFileType = sourcecode.swift; path = uberUITests.swift; sourceTree = "<group>"; };
		EDB4699D2A8F951100C91A1D /* uberUITestsLaunchTests.swift */ = {isa = PBXFileReference; lastKnownFileType = sourcecode.swift; path = uberUITestsLaunchTests.swift; sourceTree = "<group>"; };
		EDB469AF2A8F959000C91A1D /* HomeView.swift */ = {isa = PBXFileReference; lastKnownFileType = sourcecode.swift; path = HomeView.swift; sourceTree = "<group>"; };
		EDB469B52A8F965000C91A1D /* UberMapViewRepresantable.swift */ = {isa = PBXFileReference; lastKnownFileType = sourcecode.swift; path = UberMapViewRepresantable.swift; sourceTree = "<group>"; };
		EDB469B82A8FB3B100C91A1D /* LocationManager.swift */ = {isa = PBXFileReference; lastKnownFileType = sourcecode.swift; path = LocationManager.swift; sourceTree = "<group>"; };
		EDB469BA2A8FCD3900C91A1D /* Info.plist */ = {isa = PBXFileReference; lastKnownFileType = text.plist; path = Info.plist; sourceTree = "<group>"; };
		EDD14CE62AABEEDB005FF42F /* SideMenuView.swift */ = {isa = PBXFileReference; lastKnownFileType = sourcecode.swift; path = SideMenuView.swift; sourceTree = "<group>"; };
		EDD14CE92AABF9DE005FF42F /* SideMenuOptionViewModel.swift */ = {isa = PBXFileReference; lastKnownFileType = sourcecode.swift; path = SideMenuOptionViewModel.swift; sourceTree = "<group>"; };
		EDD14CEE2AABFBED005FF42F /* SideMenuOptionView.swift */ = {isa = PBXFileReference; lastKnownFileType = sourcecode.swift; path = SideMenuOptionView.swift; sourceTree = "<group>"; };
		EDD14CF52AAC2693005FF42F /* SettingsView.swift */ = {isa = PBXFileReference; lastKnownFileType = sourcecode.swift; path = SettingsView.swift; sourceTree = "<group>"; };
		EDD14CF82AAC2FC2005FF42F /* SavedLocationRowView.swift */ = {isa = PBXFileReference; lastKnownFileType = sourcecode.swift; path = SavedLocationRowView.swift; sourceTree = "<group>"; };
		EDD14CFA2AAC36C4005FF42F /* SettingRowView.swift */ = {isa = PBXFileReference; lastKnownFileType = sourcecode.swift; path = SettingRowView.swift; sourceTree = "<group>"; };
		EDE415302AB4F0FB00637226 /* LocationSearchResultView.swift */ = {isa = PBXFileReference; lastKnownFileType = sourcecode.swift; path = LocationSearchResultView.swift; sourceTree = "<group>"; };
		EDE415322AB4F45000637226 /* SavedLocation.swift */ = {isa = PBXFileReference; lastKnownFileType = sourcecode.swift; name = SavedLocation.swift; path = uber/flexiableItem/SavedLocation.swift; sourceTree = SOURCE_ROOT; };
		EDE415342AB4F77500637226 /* AppConstant.swift */ = {isa = PBXFileReference; lastKnownFileType = sourcecode.swift; path = AppConstant.swift; sourceTree = "<group>"; };
		EDE415362AB53F5900637226 /* DeveloperPreview.swift */ = {isa = PBXFileReference; lastKnownFileType = sourcecode.swift; name = DeveloperPreview.swift; path = uber/flexiableItem/DeveloperPreview.swift; sourceTree = SOURCE_ROOT; };
		EDE415382AB55D9600637226 /* HomeViewModel.swift */ = {isa = PBXFileReference; lastKnownFileType = sourcecode.swift; name = HomeViewModel.swift; path = uber/flexiableItem/HomeViewModel.swift; sourceTree = SOURCE_ROOT; };
/* End PBXFileReference section */

/* Begin PBXFrameworksBuildPhase section */
		EDB4697A2A8F951000C91A1D /* Frameworks */ = {
			isa = PBXFrameworksBuildPhase;
			buildActionMask = 2147483647;
			files = (
				0FC5C59E2AA6119000C68BD9 /* FirebaseAuth in Frameworks */,
				0FC5C5A42AA6119000C68BD9 /* FirebaseStorage in Frameworks */,
				0FC5C5A02AA6119000C68BD9 /* FirebaseFirestore in Frameworks */,
				0FC5C5A22AA6119000C68BD9 /* FirebaseFirestoreSwift in Frameworks */,
			);
			runOnlyForDeploymentPostprocessing = 0;
		};
		EDB4698A2A8F951100C91A1D /* Frameworks */ = {
			isa = PBXFrameworksBuildPhase;
			buildActionMask = 2147483647;
			files = (
			);
			runOnlyForDeploymentPostprocessing = 0;
		};
		EDB469942A8F951100C91A1D /* Frameworks */ = {
			isa = PBXFrameworksBuildPhase;
			buildActionMask = 2147483647;
			files = (
			);
			runOnlyForDeploymentPostprocessing = 0;
		};
/* End PBXFrameworksBuildPhase section */

/* Begin PBXGroup section */
		0FC5C5852AA5C3FF00C68BD9 /* Authentication */ = {
			isa = PBXGroup;
			children = (
				0FC5C5882AA5C42F00C68BD9 /* ViewModel */,
				0FC5C5872AA5C42700C68BD9 /* View */,
			);
			path = Authentication;
			sourceTree = "<group>";
		};
		0FC5C5872AA5C42700C68BD9 /* View */ = {
			isa = PBXGroup;
			children = (
				0FC5C5892AA5C79700C68BD9 /* LoginView.swift */,
				0FC5C58B2AA5C7A400C68BD9 /* RegisterView.swift */,
			);
			path = View;
			sourceTree = "<group>";
		};
		0FC5C5882AA5C42F00C68BD9 /* ViewModel */ = {
			isa = PBXGroup;
			children = (
				ED8D39322AA96EA200693A35 /* AuthViewModel.swift */,
			);
			path = ViewModel;
			sourceTree = "<group>";
		};
		0FC5C58D2AA5EDCA00C68BD9 /* Trips */ = {
			isa = PBXGroup;
			children = (
				0FC5C5942AA5EE4700C68BD9 /* ViewModel */,
				0FC5C5932AA5EE4200C68BD9 /* Views */,
			);
			path = Trips;
			sourceTree = "<group>";
		};
		0FC5C58F2AA5EDEF00C68BD9 /* Home */ = {
			isa = PBXGroup;
			children = (
				0FC5C5922AA5EE2E00C68BD9 /* ViewModels */,
				0FC5C5912AA5EE2500C68BD9 /* Views */,
			);
			path = Home;
			sourceTree = "<group>";
		};
		0FC5C5902AA5EDF600C68BD9 /* LocationSearch */ = {
			isa = PBXGroup;
			children = (
				0FC5C5962AA5EE5F00C68BD9 /* ViewModels */,
				0FC5C5952AA5EE5A00C68BD9 /* Views */,
			);
			path = LocationSearch;
			sourceTree = "<group>";
		};
		0FC5C5912AA5EE2500C68BD9 /* Views */ = {
			isa = PBXGroup;
			children = (
				EDB469B52A8F965000C91A1D /* UberMapViewRepresantable.swift */,
				ED692ADA2A994D740081A5FE /* MenuActionButton.swift */,
				EDB469AF2A8F959000C91A1D /* HomeView.swift */,
			);
			path = Views;
			sourceTree = "<group>";
		};
		0FC5C5922AA5EE2E00C68BD9 /* ViewModels */ = {
			isa = PBXGroup;
			children = (
				EDE415382AB55D9600637226 /* HomeViewModel.swift */,
			);
			path = ViewModels;
			sourceTree = "<group>";
		};
		0FC5C5932AA5EE4200C68BD9 /* Views */ = {
			isa = PBXGroup;
			children = (
				ED8D39302AA96E4000693A35 /* TripsView.swift */,
				7886D3922B1EFA74005D7911 /* AcceptTripsView.swift */,
			);
			path = Views;
			sourceTree = "<group>";
		};
		0FC5C5942AA5EE4700C68BD9 /* ViewModel */ = {
			isa = PBXGroup;
			children = (
			);
			path = ViewModel;
			sourceTree = "<group>";
		};
		0FC5C5952AA5EE5A00C68BD9 /* Views */ = {
			isa = PBXGroup;
			children = (
				ED692AD82A994A8C0081A5FE /* LocationSearchActivationView.swift */,
				ED692ADC2A9950F00081A5FE /* LocationSearchView.swift */,
				ED692ADE2A9958C80081A5FE /* LocationSearchResultCellView.swift */,
				ED69E94D2AB4020F003A2383 /* SavedLocationSearchView.swift */,
			);
			path = Views;
			sourceTree = "<group>";
		};
		0FC5C5962AA5EE5F00C68BD9 /* ViewModels */ = {
			isa = PBXGroup;
			children = (
				ED692AE02A99824D0081A5FE /* LocationSearchViewModel.swift */,
			);
			path = ViewModels;
			sourceTree = "<group>";
		};
		0FC5C5972AA5EE9F00C68BD9 /* flexiableItem */ = {
			isa = PBXGroup;
			children = (
				0FC5C5982AA5EEC300C68BD9 /* CustomInputField.swift */,
				EDD14CF82AAC2FC2005FF42F /* SavedLocationRowView.swift */,
				EDD14CFA2AAC36C4005FF42F /* SettingRowView.swift */,
				EDE415302AB4F0FB00637226 /* LocationSearchResultView.swift */,
				EDE415342AB4F77500637226 /* AppConstant.swift */,
			);
			path = flexiableItem;
			sourceTree = "<group>";
		};
		78A94BEC2B1DFEC100F2C956 /* Services */ = {
			isa = PBXGroup;
			children = (
				78A94BED2B1DFED400F2C956 /* userServices.swift */,
			);
			path = Services;
			sourceTree = "<group>";
		};
		EDB469742A8F951000C91A1D = {
			isa = PBXGroup;
			children = (
				EDB4697F2A8F951000C91A1D /* uber */,
				EDB469902A8F951100C91A1D /* uberTests */,
				EDB4699A2A8F951100C91A1D /* uberUITests */,
				EDB4697E2A8F951000C91A1D /* Products */,
			);
			sourceTree = "<group>";
		};
		EDB4697E2A8F951000C91A1D /* Products */ = {
			isa = PBXGroup;
			children = (
				EDB4697D2A8F951000C91A1D /* uber.app */,
				EDB4698D2A8F951100C91A1D /* uberTests.xctest */,
				EDB469972A8F951100C91A1D /* uberUITests.xctest */,
			);
			name = Products;
			sourceTree = "<group>";
		};
		EDB4697F2A8F951000C91A1D /* uber */ = {
			isa = PBXGroup;
			children = (
				78A94BEC2B1DFEC100F2C956 /* Services */,
				0FC5C59A2AA60B2000C68BD9 /* GoogleService-Info.plist */,
				0FC5C5972AA5EE9F00C68BD9 /* flexiableItem */,
				EDB469BA2A8FCD3900C91A1D /* Info.plist */,
				EDB469B42A8F95C700C91A1D /* managers */,
				EDB469B32A8F95C100C91A1D /* extention */,
				EDB469B22A8F95B900C91A1D /* models */,
				EDB469B12A8F95AF00C91A1D /* app */,
				EDB469AC2A8F953800C91A1D /* core */,
				EDB469842A8F951100C91A1D /* Assets.xcassets */,
				78A94BEA2B1DF4C700F2C956 /* cartop.svg */,
				EDB469862A8F951100C91A1D /* Preview Content */,
			);
			path = uber;
			sourceTree = "<group>";
		};
		EDB469862A8F951100C91A1D /* Preview Content */ = {
			isa = PBXGroup;
			children = (
				EDB469872A8F951100C91A1D /* Preview Assets.xcassets */,
			);
			path = "Preview Content";
			sourceTree = "<group>";
		};
		EDB469902A8F951100C91A1D /* uberTests */ = {
			isa = PBXGroup;
			children = (
				EDB469912A8F951100C91A1D /* uberTests.swift */,
			);
			path = uberTests;
			sourceTree = "<group>";
		};
		EDB4699A2A8F951100C91A1D /* uberUITests */ = {
			isa = PBXGroup;
			children = (
				EDB4699B2A8F951100C91A1D /* uberUITests.swift */,
				EDB4699D2A8F951100C91A1D /* uberUITestsLaunchTests.swift */,
			);
			path = uberUITests;
			sourceTree = "<group>";
		};
		EDB469AC2A8F953800C91A1D /* core */ = {
			isa = PBXGroup;
			children = (
				EDD14CF02AAC1BC7005FF42F /* Settings */,
				EDD14CE42AABEEB9005FF42F /* SideMenu */,
				0FC5C5902AA5EDF600C68BD9 /* LocationSearch */,
				0FC5C58F2AA5EDEF00C68BD9 /* Home */,
				0FC5C58D2AA5EDCA00C68BD9 /* Trips */,
				0FC5C5852AA5C3FF00C68BD9 /* Authentication */,
			);
			path = core;
			sourceTree = "<group>";
		};
		EDB469B12A8F95AF00C91A1D /* app */ = {
			isa = PBXGroup;
			children = (
				EDB469802A8F951000C91A1D /* uberApp.swift */,
			);
			path = app;
			sourceTree = "<group>";
		};
		EDB469B22A8F95B900C91A1D /* models */ = {
			isa = PBXGroup;
			children = (
				0F07C5AB2AA336FB00BF88FC /* MapViewState.swift */,
				0FDFA7BF2AA47893003EB10C /* RideType.swift */,
				0FDFA7C32AA4AE7B003EB10C /* UberLocation.swift */,
				ED8F4B5B2AA9995F000ED49E /* User.swift */,
				EDE415322AB4F45000637226 /* SavedLocation.swift */,
				78A94BE82B1DF17A00F2C956 /* DriverAnnotation.swift */,
				7886D3942B1F2933005D7911 /* Trips.swift */,
			);
			path = models;
			sourceTree = "<group>";
		};
		EDB469B32A8F95C100C91A1D /* extention */ = {
			isa = PBXGroup;
			children = (
				0FDFA7C12AA4A72E003EB10C /* PriceFormat.swift */,
				0FC5C5832AA5B3E100C68BD9 /* Color.swift */,
				EDE415362AB53F5900637226 /* DeveloperPreview.swift */,
				78A94BE62B1DEEE700F2C956 /* UIImage.swift */,
				789CEFE12B208C4A00F98831 /* GeoPoint.swift */,
			);
			path = extention;
			sourceTree = "<group>";
		};
		EDB469B42A8F95C700C91A1D /* managers */ = {
			isa = PBXGroup;
			children = (
				EDB469B82A8FB3B100C91A1D /* LocationManager.swift */,
			);
			path = managers;
			sourceTree = "<group>";
		};
		EDD14CE42AABEEB9005FF42F /* SideMenu */ = {
			isa = PBXGroup;
			children = (
				EDD14CE82AABEEF1005FF42F /* ViewModel */,
				EDD14CE52AABEECA005FF42F /* Views */,
			);
			path = SideMenu;
			sourceTree = "<group>";
		};
		EDD14CE52AABEECA005FF42F /* Views */ = {
			isa = PBXGroup;
			children = (
				EDD14CE62AABEEDB005FF42F /* SideMenuView.swift */,
				EDD14CEE2AABFBED005FF42F /* SideMenuOptionView.swift */,
			);
			path = Views;
			sourceTree = "<group>";
		};
		EDD14CE82AABEEF1005FF42F /* ViewModel */ = {
			isa = PBXGroup;
			children = (
				EDD14CE92AABF9DE005FF42F /* SideMenuOptionViewModel.swift */,
			);
			path = ViewModel;
			sourceTree = "<group>";
		};
		EDD14CF02AAC1BC7005FF42F /* Settings */ = {
			isa = PBXGroup;
			children = (
				EDD14CF22AAC1BDF005FF42F /* ViewModel */,
				EDD14CF12AAC1BD7005FF42F /* Views */,
			);
			path = Settings;
			sourceTree = "<group>";
		};
		EDD14CF12AAC1BD7005FF42F /* Views */ = {
			isa = PBXGroup;
			children = (
				EDD14CF52AAC2693005FF42F /* SettingsView.swift */,
			);
			path = Views;
			sourceTree = "<group>";
		};
		EDD14CF22AAC1BDF005FF42F /* ViewModel */ = {
			isa = PBXGroup;
			children = (
				ED69E94B2AB3F79F003A2383 /* SavedLocationViewModel.swift */,
			);
			path = ViewModel;
			sourceTree = "<group>";
		};
/* End PBXGroup section */

/* Begin PBXNativeTarget section */
		EDB4697C2A8F951000C91A1D /* uber */ = {
			isa = PBXNativeTarget;
			buildConfigurationList = EDB469A12A8F951100C91A1D /* Build configuration list for PBXNativeTarget "uber" */;
			buildPhases = (
				EDB469792A8F951000C91A1D /* Sources */,
				EDB4697A2A8F951000C91A1D /* Frameworks */,
				EDB4697B2A8F951000C91A1D /* Resources */,
			);
			buildRules = (
			);
			dependencies = (
			);
			name = uber;
			packageProductDependencies = (
				0FC5C59D2AA6119000C68BD9 /* FirebaseAuth */,
				0FC5C59F2AA6119000C68BD9 /* FirebaseFirestore */,
				0FC5C5A12AA6119000C68BD9 /* FirebaseFirestoreSwift */,
				0FC5C5A32AA6119000C68BD9 /* FirebaseStorage */,
			);
			productName = uber;
			productReference = EDB4697D2A8F951000C91A1D /* uber.app */;
			productType = "com.apple.product-type.application";
		};
		EDB4698C2A8F951100C91A1D /* uberTests */ = {
			isa = PBXNativeTarget;
			buildConfigurationList = EDB469A42A8F951100C91A1D /* Build configuration list for PBXNativeTarget "uberTests" */;
			buildPhases = (
				EDB469892A8F951100C91A1D /* Sources */,
				EDB4698A2A8F951100C91A1D /* Frameworks */,
				EDB4698B2A8F951100C91A1D /* Resources */,
			);
			buildRules = (
			);
			dependencies = (
				EDB4698F2A8F951100C91A1D /* PBXTargetDependency */,
			);
			name = uberTests;
			productName = uberTests;
			productReference = EDB4698D2A8F951100C91A1D /* uberTests.xctest */;
			productType = "com.apple.product-type.bundle.unit-test";
		};
		EDB469962A8F951100C91A1D /* uberUITests */ = {
			isa = PBXNativeTarget;
			buildConfigurationList = EDB469A72A8F951100C91A1D /* Build configuration list for PBXNativeTarget "uberUITests" */;
			buildPhases = (
				EDB469932A8F951100C91A1D /* Sources */,
				EDB469942A8F951100C91A1D /* Frameworks */,
				EDB469952A8F951100C91A1D /* Resources */,
			);
			buildRules = (
			);
			dependencies = (
				EDB469992A8F951100C91A1D /* PBXTargetDependency */,
			);
			name = uberUITests;
			productName = uberUITests;
			productReference = EDB469972A8F951100C91A1D /* uberUITests.xctest */;
			productType = "com.apple.product-type.bundle.ui-testing";
		};
/* End PBXNativeTarget section */

/* Begin PBXProject section */
		EDB469752A8F951000C91A1D /* Project object */ = {
			isa = PBXProject;
			attributes = {
				BuildIndependentTargetsInParallel = 1;
				LastSwiftUpdateCheck = 1430;
				LastUpgradeCheck = 1500;
				TargetAttributes = {
					EDB4697C2A8F951000C91A1D = {
						CreatedOnToolsVersion = 14.3.1;
					};
					EDB4698C2A8F951100C91A1D = {
						CreatedOnToolsVersion = 14.3.1;
						TestTargetID = EDB4697C2A8F951000C91A1D;
					};
					EDB469962A8F951100C91A1D = {
						CreatedOnToolsVersion = 14.3.1;
						TestTargetID = EDB4697C2A8F951000C91A1D;
					};
				};
			};
			buildConfigurationList = EDB469782A8F951000C91A1D /* Build configuration list for PBXProject "uber" */;
			compatibilityVersion = "Xcode 14.0";
			developmentRegion = en;
			hasScannedForEncodings = 0;
			knownRegions = (
				en,
				Base,
			);
			mainGroup = EDB469742A8F951000C91A1D;
			packageReferences = (
				0FC5C59C2AA6119000C68BD9 /* XCRemoteSwiftPackageReference "firebase-ios-sdk" */,
			);
			productRefGroup = EDB4697E2A8F951000C91A1D /* Products */;
			projectDirPath = "";
			projectRoot = "";
			targets = (
				EDB4697C2A8F951000C91A1D /* uber */,
				EDB4698C2A8F951100C91A1D /* uberTests */,
				EDB469962A8F951100C91A1D /* uberUITests */,
			);
		};
/* End PBXProject section */

/* Begin PBXResourcesBuildPhase section */
		EDB4697B2A8F951000C91A1D /* Resources */ = {
			isa = PBXResourcesBuildPhase;
			buildActionMask = 2147483647;
			files = (
				EDB469882A8F951100C91A1D /* Preview Assets.xcassets in Resources */,
				78A94BEB2B1DF4C700F2C956 /* cartop.svg in Resources */,
				EDB469852A8F951100C91A1D /* Assets.xcassets in Resources */,
				0FC5C59B2AA60B2000C68BD9 /* GoogleService-Info.plist in Resources */,
			);
			runOnlyForDeploymentPostprocessing = 0;
		};
		EDB4698B2A8F951100C91A1D /* Resources */ = {
			isa = PBXResourcesBuildPhase;
			buildActionMask = 2147483647;
			files = (
			);
			runOnlyForDeploymentPostprocessing = 0;
		};
		EDB469952A8F951100C91A1D /* Resources */ = {
			isa = PBXResourcesBuildPhase;
			buildActionMask = 2147483647;
			files = (
			);
			runOnlyForDeploymentPostprocessing = 0;
		};
/* End PBXResourcesBuildPhase section */

/* Begin PBXSourcesBuildPhase section */
		EDB469792A8F951000C91A1D /* Sources */ = {
			isa = PBXSourcesBuildPhase;
			buildActionMask = 2147483647;
			files = (
				ED692AE12A99824D0081A5FE /* LocationSearchViewModel.swift in Sources */,
				EDE415392AB55D9600637226 /* HomeViewModel.swift in Sources */,
				7886D3952B1F2933005D7911 /* Trips.swift in Sources */,
				EDD14CF92AAC2FC2005FF42F /* SavedLocationRowView.swift in Sources */,
				ED692ADD2A9950F00081A5FE /* LocationSearchView.swift in Sources */,
				78A94BE92B1DF17A00F2C956 /* DriverAnnotation.swift in Sources */,
				ED69E94E2AB4020F003A2383 /* SavedLocationSearchView.swift in Sources */,
				EDB469B92A8FB3B100C91A1D /* LocationManager.swift in Sources */,
				EDD14CEA2AABF9DE005FF42F /* SideMenuOptionViewModel.swift in Sources */,
				0F07C5AC2AA336FB00BF88FC /* MapViewState.swift in Sources */,
				EDE415312AB4F0FB00637226 /* LocationSearchResultView.swift in Sources */,
				EDB469B02A8F959000C91A1D /* HomeView.swift in Sources */,
				EDB469812A8F951000C91A1D /* uberApp.swift in Sources */,
				ED8D39332AA96EA200693A35 /* AuthViewModel.swift in Sources */,
				ED69E94C2AB3F79F003A2383 /* SavedLocationViewModel.swift in Sources */,
				EDB469B62A8F965000C91A1D /* UberMapViewRepresantable.swift in Sources */,
				EDD14CF62AAC2693005FF42F /* SettingsView.swift in Sources */,
				78A94BEE2B1DFED400F2C956 /* userServices.swift in Sources */,
				ED8F4B5C2AA9995F000ED49E /* User.swift in Sources */,
				ED692ADB2A994D740081A5FE /* MenuActionButton.swift in Sources */,
				EDE415332AB4F45000637226 /* SavedLocation.swift in Sources */,
				0FC5C58C2AA5C7A400C68BD9 /* RegisterView.swift in Sources */,
				ED8D39312AA96E4000693A35 /* TripsView.swift in Sources */,
				EDD14CEF2AABFBED005FF42F /* SideMenuOptionView.swift in Sources */,
				0FC5C5842AA5B3E100C68BD9 /* Color.swift in Sources */,
				ED692ADF2A9958C80081A5FE /* LocationSearchResultCellView.swift in Sources */,
				78A94BE72B1DEEE700F2C956 /* UIImage.swift in Sources */,
				EDD14CFB2AAC36C4005FF42F /* SettingRowView.swift in Sources */,
				0FDFA7C22AA4A72E003EB10C /* PriceFormat.swift in Sources */,
				EDD14CE72AABEEDB005FF42F /* SideMenuView.swift in Sources */,
				789CEFE22B208C4A00F98831 /* GeoPoint.swift in Sources */,
				EDE415372AB53F5900637226 /* DeveloperPreview.swift in Sources */,
				0FDFA7C42AA4AE7B003EB10C /* UberLocation.swift in Sources */,
				0FC5C5992AA5EEC300C68BD9 /* CustomInputField.swift in Sources */,
				ED692AD92A994A8C0081A5FE /* LocationSearchActivationView.swift in Sources */,
				0FC5C58A2AA5C79700C68BD9 /* LoginView.swift in Sources */,
				7886D3932B1EFA75005D7911 /* AcceptTripsView.swift in Sources */,
				0FDFA7C02AA47893003EB10C /* RideType.swift in Sources */,
				EDE415352AB4F77500637226 /* AppConstant.swift in Sources */,
			);
			runOnlyForDeploymentPostprocessing = 0;
		};
		EDB469892A8F951100C91A1D /* Sources */ = {
			isa = PBXSourcesBuildPhase;
			buildActionMask = 2147483647;
			files = (
				EDB469922A8F951100C91A1D /* uberTests.swift in Sources */,
			);
			runOnlyForDeploymentPostprocessing = 0;
		};
		EDB469932A8F951100C91A1D /* Sources */ = {
			isa = PBXSourcesBuildPhase;
			buildActionMask = 2147483647;
			files = (
				EDB4699E2A8F951100C91A1D /* uberUITestsLaunchTests.swift in Sources */,
				EDB4699C2A8F951100C91A1D /* uberUITests.swift in Sources */,
			);
			runOnlyForDeploymentPostprocessing = 0;
		};
/* End PBXSourcesBuildPhase section */

/* Begin PBXTargetDependency section */
		EDB4698F2A8F951100C91A1D /* PBXTargetDependency */ = {
			isa = PBXTargetDependency;
			target = EDB4697C2A8F951000C91A1D /* uber */;
			targetProxy = EDB4698E2A8F951100C91A1D /* PBXContainerItemProxy */;
		};
		EDB469992A8F951100C91A1D /* PBXTargetDependency */ = {
			isa = PBXTargetDependency;
			target = EDB4697C2A8F951000C91A1D /* uber */;
			targetProxy = EDB469982A8F951100C91A1D /* PBXContainerItemProxy */;
		};
/* End PBXTargetDependency section */

/* Begin XCBuildConfiguration section */
		EDB4699F2A8F951100C91A1D /* Debug */ = {
			isa = XCBuildConfiguration;
			buildSettings = {
				ALWAYS_SEARCH_USER_PATHS = NO;
				ASSETCATALOG_COMPILER_GENERATE_SWIFT_ASSET_SYMBOL_EXTENSIONS = YES;
				CLANG_ANALYZER_NONNULL = YES;
				CLANG_ANALYZER_NUMBER_OBJECT_CONVERSION = YES_AGGRESSIVE;
				CLANG_CXX_LANGUAGE_STANDARD = "gnu++20";
				CLANG_ENABLE_MODULES = YES;
				CLANG_ENABLE_OBJC_ARC = YES;
				CLANG_ENABLE_OBJC_WEAK = YES;
				CLANG_WARN_BLOCK_CAPTURE_AUTORELEASING = YES;
				CLANG_WARN_BOOL_CONVERSION = YES;
				CLANG_WARN_COMMA = YES;
				CLANG_WARN_CONSTANT_CONVERSION = YES;
				CLANG_WARN_DEPRECATED_OBJC_IMPLEMENTATIONS = YES;
				CLANG_WARN_DIRECT_OBJC_ISA_USAGE = YES_ERROR;
				CLANG_WARN_DOCUMENTATION_COMMENTS = YES;
				CLANG_WARN_EMPTY_BODY = YES;
				CLANG_WARN_ENUM_CONVERSION = YES;
				CLANG_WARN_INFINITE_RECURSION = YES;
				CLANG_WARN_INT_CONVERSION = YES;
				CLANG_WARN_NON_LITERAL_NULL_CONVERSION = YES;
				CLANG_WARN_OBJC_IMPLICIT_RETAIN_SELF = YES;
				CLANG_WARN_OBJC_LITERAL_CONVERSION = YES;
				CLANG_WARN_OBJC_ROOT_CLASS = YES_ERROR;
				CLANG_WARN_QUOTED_INCLUDE_IN_FRAMEWORK_HEADER = YES;
				CLANG_WARN_RANGE_LOOP_ANALYSIS = YES;
				CLANG_WARN_STRICT_PROTOTYPES = YES;
				CLANG_WARN_SUSPICIOUS_MOVE = YES;
				CLANG_WARN_UNGUARDED_AVAILABILITY = YES_AGGRESSIVE;
				CLANG_WARN_UNREACHABLE_CODE = YES;
				CLANG_WARN__DUPLICATE_METHOD_MATCH = YES;
				COPY_PHASE_STRIP = NO;
				DEBUG_INFORMATION_FORMAT = dwarf;
				ENABLE_STRICT_OBJC_MSGSEND = YES;
				ENABLE_TESTABILITY = YES;
				ENABLE_USER_SCRIPT_SANDBOXING = YES;
				GCC_C_LANGUAGE_STANDARD = gnu11;
				GCC_DYNAMIC_NO_PIC = NO;
				GCC_NO_COMMON_BLOCKS = YES;
				GCC_OPTIMIZATION_LEVEL = 0;
				GCC_PREPROCESSOR_DEFINITIONS = (
					"DEBUG=1",
					"$(inherited)",
				);
				GCC_WARN_64_TO_32_BIT_CONVERSION = YES;
				GCC_WARN_ABOUT_RETURN_TYPE = YES_ERROR;
				GCC_WARN_UNDECLARED_SELECTOR = YES;
				GCC_WARN_UNINITIALIZED_AUTOS = YES_AGGRESSIVE;
				GCC_WARN_UNUSED_FUNCTION = YES;
				GCC_WARN_UNUSED_VARIABLE = YES;
				IPHONEOS_DEPLOYMENT_TARGET = 16.4;
				MTL_ENABLE_DEBUG_INFO = INCLUDE_SOURCE;
				MTL_FAST_MATH = YES;
				ONLY_ACTIVE_ARCH = YES;
				SDKROOT = iphoneos;
				SWIFT_ACTIVE_COMPILATION_CONDITIONS = DEBUG;
				SWIFT_OPTIMIZATION_LEVEL = "-Onone";
			};
			name = Debug;
		};
		EDB469A02A8F951100C91A1D /* Release */ = {
			isa = XCBuildConfiguration;
			buildSettings = {
				ALWAYS_SEARCH_USER_PATHS = NO;
				ASSETCATALOG_COMPILER_GENERATE_SWIFT_ASSET_SYMBOL_EXTENSIONS = YES;
				CLANG_ANALYZER_NONNULL = YES;
				CLANG_ANALYZER_NUMBER_OBJECT_CONVERSION = YES_AGGRESSIVE;
				CLANG_CXX_LANGUAGE_STANDARD = "gnu++20";
				CLANG_ENABLE_MODULES = YES;
				CLANG_ENABLE_OBJC_ARC = YES;
				CLANG_ENABLE_OBJC_WEAK = YES;
				CLANG_WARN_BLOCK_CAPTURE_AUTORELEASING = YES;
				CLANG_WARN_BOOL_CONVERSION = YES;
				CLANG_WARN_COMMA = YES;
				CLANG_WARN_CONSTANT_CONVERSION = YES;
				CLANG_WARN_DEPRECATED_OBJC_IMPLEMENTATIONS = YES;
				CLANG_WARN_DIRECT_OBJC_ISA_USAGE = YES_ERROR;
				CLANG_WARN_DOCUMENTATION_COMMENTS = YES;
				CLANG_WARN_EMPTY_BODY = YES;
				CLANG_WARN_ENUM_CONVERSION = YES;
				CLANG_WARN_INFINITE_RECURSION = YES;
				CLANG_WARN_INT_CONVERSION = YES;
				CLANG_WARN_NON_LITERAL_NULL_CONVERSION = YES;
				CLANG_WARN_OBJC_IMPLICIT_RETAIN_SELF = YES;
				CLANG_WARN_OBJC_LITERAL_CONVERSION = YES;
				CLANG_WARN_OBJC_ROOT_CLASS = YES_ERROR;
				CLANG_WARN_QUOTED_INCLUDE_IN_FRAMEWORK_HEADER = YES;
				CLANG_WARN_RANGE_LOOP_ANALYSIS = YES;
				CLANG_WARN_STRICT_PROTOTYPES = YES;
				CLANG_WARN_SUSPICIOUS_MOVE = YES;
				CLANG_WARN_UNGUARDED_AVAILABILITY = YES_AGGRESSIVE;
				CLANG_WARN_UNREACHABLE_CODE = YES;
				CLANG_WARN__DUPLICATE_METHOD_MATCH = YES;
				COPY_PHASE_STRIP = NO;
				DEBUG_INFORMATION_FORMAT = "dwarf-with-dsym";
				ENABLE_NS_ASSERTIONS = NO;
				ENABLE_STRICT_OBJC_MSGSEND = YES;
				ENABLE_USER_SCRIPT_SANDBOXING = YES;
				GCC_C_LANGUAGE_STANDARD = gnu11;
				GCC_NO_COMMON_BLOCKS = YES;
				GCC_WARN_64_TO_32_BIT_CONVERSION = YES;
				GCC_WARN_ABOUT_RETURN_TYPE = YES_ERROR;
				GCC_WARN_UNDECLARED_SELECTOR = YES;
				GCC_WARN_UNINITIALIZED_AUTOS = YES_AGGRESSIVE;
				GCC_WARN_UNUSED_FUNCTION = YES;
				GCC_WARN_UNUSED_VARIABLE = YES;
				IPHONEOS_DEPLOYMENT_TARGET = 16.4;
				MTL_ENABLE_DEBUG_INFO = NO;
				MTL_FAST_MATH = YES;
				SDKROOT = iphoneos;
				SWIFT_COMPILATION_MODE = wholemodule;
				SWIFT_OPTIMIZATION_LEVEL = "-O";
				VALIDATE_PRODUCT = YES;
			};
			name = Release;
		};
		EDB469A22A8F951100C91A1D /* Debug */ = {
			isa = XCBuildConfiguration;
			buildSettings = {
				ASSETCATALOG_COMPILER_APPICON_NAME = AppIcon;
				ASSETCATALOG_COMPILER_GLOBAL_ACCENT_COLOR_NAME = AccentColor;
				CODE_SIGN_STYLE = Automatic;
				CURRENT_PROJECT_VERSION = 1;
				DEVELOPMENT_ASSET_PATHS = "\"uber/Preview Content\"";
				DEVELOPMENT_TEAM = FTLRHRBSY7;
				ENABLE_PREVIEWS = YES;
				GENERATE_INFOPLIST_FILE = YES;
				INFOPLIST_FILE = uber/Info.plist;
				INFOPLIST_KEY_NSLocationAlwaysUsageDescription = "please give your location";
				INFOPLIST_KEY_NSLocationWhenInUseUsageDescription = hi;
				INFOPLIST_KEY_UIApplicationSceneManifest_Generation = YES;
				INFOPLIST_KEY_UIApplicationSupportsIndirectInputEvents = YES;
				INFOPLIST_KEY_UILaunchScreen_Generation = YES;
				INFOPLIST_KEY_UISupportedInterfaceOrientations_iPad = "UIInterfaceOrientationPortrait UIInterfaceOrientationPortraitUpsideDown UIInterfaceOrientationLandscapeLeft UIInterfaceOrientationLandscapeRight";
				INFOPLIST_KEY_UISupportedInterfaceOrientations_iPhone = "UIInterfaceOrientationPortrait UIInterfaceOrientationLandscapeLeft UIInterfaceOrientationLandscapeRight";
				IPHONEOS_DEPLOYMENT_TARGET = 16.0;
				LD_RUNPATH_SEARCH_PATHS = (
					"$(inherited)",
					"@executable_path/Frameworks",
				);
				MARKETING_VERSION = 1.0;
				PRODUCT_BUNDLE_IDENTIFIER = uber.iaan;
				PRODUCT_NAME = "$(TARGET_NAME)";
				SWIFT_EMIT_LOC_STRINGS = YES;
				SWIFT_VERSION = 5.0;
				TARGETED_DEVICE_FAMILY = "1,2";
			};
			name = Debug;
		};
		EDB469A32A8F951100C91A1D /* Release */ = {
			isa = XCBuildConfiguration;
			buildSettings = {
				ASSETCATALOG_COMPILER_APPICON_NAME = AppIcon;
				ASSETCATALOG_COMPILER_GLOBAL_ACCENT_COLOR_NAME = AccentColor;
				CODE_SIGN_STYLE = Automatic;
				CURRENT_PROJECT_VERSION = 1;
				DEVELOPMENT_ASSET_PATHS = "\"uber/Preview Content\"";
				DEVELOPMENT_TEAM = FTLRHRBSY7;
				ENABLE_PREVIEWS = YES;
				GENERATE_INFOPLIST_FILE = YES;
				INFOPLIST_FILE = uber/Info.plist;
				INFOPLIST_KEY_NSLocationAlwaysUsageDescription = "please give your location";
				INFOPLIST_KEY_NSLocationWhenInUseUsageDescription = hi;
				INFOPLIST_KEY_UIApplicationSceneManifest_Generation = YES;
				INFOPLIST_KEY_UIApplicationSupportsIndirectInputEvents = YES;
				INFOPLIST_KEY_UILaunchScreen_Generation = YES;
				INFOPLIST_KEY_UISupportedInterfaceOrientations_iPad = "UIInterfaceOrientationPortrait UIInterfaceOrientationPortraitUpsideDown UIInterfaceOrientationLandscapeLeft UIInterfaceOrientationLandscapeRight";
				INFOPLIST_KEY_UISupportedInterfaceOrientations_iPhone = "UIInterfaceOrientationPortrait UIInterfaceOrientationLandscapeLeft UIInterfaceOrientationLandscapeRight";
				IPHONEOS_DEPLOYMENT_TARGET = 16.0;
				LD_RUNPATH_SEARCH_PATHS = (
					"$(inherited)",
					"@executable_path/Frameworks",
				);
				MARKETING_VERSION = 1.0;
				PRODUCT_BUNDLE_IDENTIFIER = uber.iaan;
				PRODUCT_NAME = "$(TARGET_NAME)";
				SWIFT_EMIT_LOC_STRINGS = YES;
				SWIFT_VERSION = 5.0;
				TARGETED_DEVICE_FAMILY = "1,2";
			};
			name = Release;
		};
		EDB469A52A8F951100C91A1D /* Debug */ = {
			isa = XCBuildConfiguration;
			buildSettings = {
				ALWAYS_EMBED_SWIFT_STANDARD_LIBRARIES = YES;
				BUNDLE_LOADER = "$(TEST_HOST)";
				CODE_SIGN_STYLE = Automatic;
				CURRENT_PROJECT_VERSION = 1;
				GENERATE_INFOPLIST_FILE = YES;
				IPHONEOS_DEPLOYMENT_TARGET = 16.4;
				MARKETING_VERSION = 1.0;
				PRODUCT_BUNDLE_IDENTIFIER = uber.uberTests;
				PRODUCT_NAME = "$(TARGET_NAME)";
				SWIFT_EMIT_LOC_STRINGS = NO;
				SWIFT_VERSION = 5.0;
				TARGETED_DEVICE_FAMILY = "1,2";
				TEST_HOST = "$(BUILT_PRODUCTS_DIR)/uber.app/$(BUNDLE_EXECUTABLE_FOLDER_PATH)/uber";
			};
			name = Debug;
		};
		EDB469A62A8F951100C91A1D /* Release */ = {
			isa = XCBuildConfiguration;
			buildSettings = {
				ALWAYS_EMBED_SWIFT_STANDARD_LIBRARIES = YES;
				BUNDLE_LOADER = "$(TEST_HOST)";
				CODE_SIGN_STYLE = Automatic;
				CURRENT_PROJECT_VERSION = 1;
				GENERATE_INFOPLIST_FILE = YES;
				IPHONEOS_DEPLOYMENT_TARGET = 16.4;
				MARKETING_VERSION = 1.0;
				PRODUCT_BUNDLE_IDENTIFIER = uber.uberTests;
				PRODUCT_NAME = "$(TARGET_NAME)";
				SWIFT_EMIT_LOC_STRINGS = NO;
				SWIFT_VERSION = 5.0;
				TARGETED_DEVICE_FAMILY = "1,2";
				TEST_HOST = "$(BUILT_PRODUCTS_DIR)/uber.app/$(BUNDLE_EXECUTABLE_FOLDER_PATH)/uber";
			};
			name = Release;
		};
		EDB469A82A8F951100C91A1D /* Debug */ = {
			isa = XCBuildConfiguration;
			buildSettings = {
				ALWAYS_EMBED_SWIFT_STANDARD_LIBRARIES = YES;
				CODE_SIGN_STYLE = Automatic;
				CURRENT_PROJECT_VERSION = 1;
				GENERATE_INFOPLIST_FILE = YES;
				MARKETING_VERSION = 1.0;
				PRODUCT_BUNDLE_IDENTIFIER = uber.uberUITests;
				PRODUCT_NAME = "$(TARGET_NAME)";
				SWIFT_EMIT_LOC_STRINGS = NO;
				SWIFT_VERSION = 5.0;
				TARGETED_DEVICE_FAMILY = "1,2";
				TEST_TARGET_NAME = uber;
			};
			name = Debug;
		};
		EDB469A92A8F951100C91A1D /* Release */ = {
			isa = XCBuildConfiguration;
			buildSettings = {
				ALWAYS_EMBED_SWIFT_STANDARD_LIBRARIES = YES;
				CODE_SIGN_STYLE = Automatic;
				CURRENT_PROJECT_VERSION = 1;
				GENERATE_INFOPLIST_FILE = YES;
				MARKETING_VERSION = 1.0;
				PRODUCT_BUNDLE_IDENTIFIER = uber.uberUITests;
				PRODUCT_NAME = "$(TARGET_NAME)";
				SWIFT_EMIT_LOC_STRINGS = NO;
				SWIFT_VERSION = 5.0;
				TARGETED_DEVICE_FAMILY = "1,2";
				TEST_TARGET_NAME = uber;
			};
			name = Release;
		};
/* End XCBuildConfiguration section */

/* Begin XCConfigurationList section */
		EDB469782A8F951000C91A1D /* Build configuration list for PBXProject "uber" */ = {
			isa = XCConfigurationList;
			buildConfigurations = (
				EDB4699F2A8F951100C91A1D /* Debug */,
				EDB469A02A8F951100C91A1D /* Release */,
			);
			defaultConfigurationIsVisible = 0;
			defaultConfigurationName = Release;
		};
		EDB469A12A8F951100C91A1D /* Build configuration list for PBXNativeTarget "uber" */ = {
			isa = XCConfigurationList;
			buildConfigurations = (
				EDB469A22A8F951100C91A1D /* Debug */,
				EDB469A32A8F951100C91A1D /* Release */,
			);
			defaultConfigurationIsVisible = 0;
			defaultConfigurationName = Release;
		};
		EDB469A42A8F951100C91A1D /* Build configuration list for PBXNativeTarget "uberTests" */ = {
			isa = XCConfigurationList;
			buildConfigurations = (
				EDB469A52A8F951100C91A1D /* Debug */,
				EDB469A62A8F951100C91A1D /* Release */,
			);
			defaultConfigurationIsVisible = 0;
			defaultConfigurationName = Release;
		};
		EDB469A72A8F951100C91A1D /* Build configuration list for PBXNativeTarget "uberUITests" */ = {
			isa = XCConfigurationList;
			buildConfigurations = (
				EDB469A82A8F951100C91A1D /* Debug */,
				EDB469A92A8F951100C91A1D /* Release */,
			);
			defaultConfigurationIsVisible = 0;
			defaultConfigurationName = Release;
		};
/* End XCConfigurationList section */

/* Begin XCRemoteSwiftPackageReference section */
		0FC5C59C2AA6119000C68BD9 /* XCRemoteSwiftPackageReference "firebase-ios-sdk" */ = {
			isa = XCRemoteSwiftPackageReference;
			repositoryURL = "https://github.com/firebase/firebase-ios-sdk.git";
			requirement = {
				kind = upToNextMajorVersion;
				minimumVersion = 10.18.0;
			};
		};
/* End XCRemoteSwiftPackageReference section */

/* Begin XCSwiftPackageProductDependency section */
		0FC5C59D2AA6119000C68BD9 /* FirebaseAuth */ = {
			isa = XCSwiftPackageProductDependency;
			package = 0FC5C59C2AA6119000C68BD9 /* XCRemoteSwiftPackageReference "firebase-ios-sdk" */;
			productName = FirebaseAuth;
		};
		0FC5C59F2AA6119000C68BD9 /* FirebaseFirestore */ = {
			isa = XCSwiftPackageProductDependency;
			package = 0FC5C59C2AA6119000C68BD9 /* XCRemoteSwiftPackageReference "firebase-ios-sdk" */;
			productName = FirebaseFirestore;
		};
		0FC5C5A12AA6119000C68BD9 /* FirebaseFirestoreSwift */ = {
			isa = XCSwiftPackageProductDependency;
			package = 0FC5C59C2AA6119000C68BD9 /* XCRemoteSwiftPackageReference "firebase-ios-sdk" */;
			productName = FirebaseFirestoreSwift;
		};
		0FC5C5A32AA6119000C68BD9 /* FirebaseStorage */ = {
			isa = XCSwiftPackageProductDependency;
			package = 0FC5C59C2AA6119000C68BD9 /* XCRemoteSwiftPackageReference "firebase-ios-sdk" */;
			productName = FirebaseStorage;
		};
/* End XCSwiftPackageProductDependency section */
	};
	rootObject = EDB469752A8F951000C91A1D /* Project object */;
}
